
Microsoft Visual Studio Solution File, Format Version 12.00
# Visual Studio Version 17
VisualStudioVersion = 17.5.33530.505
MinimumVisualStudioVersion = 10.0.40219.1
Project("{FAE04EC0-301F-11D3-BF4B-00C04F79EFBC}") = "Geometry", "Geometry\Geometry.csproj", "{36F0BDC0-31E2-4066-9339-0AFBB9DFF434}"
EndProject
Project("{2150E333-8FDC-42A3-9474-1A3956D46DE8}") = "GeometryTests", "GeometryTests", "{E408AA53-5F36-4DDD-A525-081F86EF6F4E}"
EndProject
Project("{FAE04EC0-301F-11D3-BF4B-00C04F79EFBC}") = "GeometryTests", "GeometryTests\GeometryTests.csproj", "{04074570-BA23-440E-B581-C5434A882980}"
EndProject
Global
	GlobalSection(SolutionConfigurationPlatforms) = preSolution
		Debug|Any CPU = Debug|Any CPU
		Release|Any CPU = Release|Any CPU
	EndGlobalSection
	GlobalSection(ProjectConfigurationPlatforms) = postSolution
		{36F0BDC0-31E2-4066-9339-0AFBB9DFF434}.Debug|Any CPU.ActiveCfg = Debug|Any CPU
		{36F0BDC0-31E2-4066-9339-0AFBB9DFF434}.Debug|Any CPU.Build.0 = Debug|Any CPU
		{36F0BDC0-31E2-4066-9339-0AFBB9DFF434}.Release|Any CPU.ActiveCfg = Release|Any CPU
		{36F0BDC0-31E2-4066-9339-0AFBB9DFF434}.Release|Any CPU.Build.0 = Release|Any CPU
		{04074570-BA23-440E-B581-C5434A882980}.Debug|Any CPU.ActiveCfg = Debug|Any CPU
		{04074570-BA23-440E-B581-C5434A882980}.Debug|Any CPU.Build.0 = Debug|Any CPU
		{04074570-BA23-440E-B581-C5434A882980}.Release|Any CPU.ActiveCfg = Release|Any CPU
		{04074570-BA23-440E-B581-C5434A882980}.Release|Any CPU.Build.0 = Release|Any CPU
	EndGlobalSection
	GlobalSection(SolutionProperties) = preSolution
		HideSolutionNode = FALSE
	EndGlobalSection
	GlobalSection(NestedProjects) = preSolution
		{04074570-BA23-440E-B581-C5434A882980} = {E408AA53-5F36-4DDD-A525-081F86EF6F4E}
	EndGlobalSection
	GlobalSection(ExtensibilityGlobals) = postSolution
		SolutionGuid = {AA78740D-E9D7-493E-BD0A-01517B21A309}
	EndGlobalSection
EndGlobal
